PODS:
  - AFNetworking (3.1.0):
    - AFNetworking/NSURLSession (= 3.1.0)
    - AFNetworking/Reachability (= 3.1.0)
    - AFNetworking/Security (= 3.1.0)
    - AFNetworking/Serialization (= 3.1.0)
    - AFNetworking/UIKit (= 3.1.0)
  - AFNetworking/NSURLSession (3.1.0):
    - AFNetworking/Reachability
    - AFNetworking/Security
    - AFNetworking/Serialization
  - AFNetworking/Reachability (3.1.0)
  - AFNetworking/Security (3.1.0)
  - AFNetworking/Serialization (3.1.0)
  - AFNetworking/UIKit (3.1.0):
    - AFNetworking/NSURLSession
  - Alamofire (4.4.0)
  - AlamofireImage (3.2.0):
    - Alamofire (~> 4.1)
  - Font-Awesome-Swift (1.6.1)
  - ImageSlideshow (1.1.0):
    - ImageSlideshow/Core (= 1.1.0)
  - ImageSlideshow/AFURL (1.1.0):
    - AFNetworking (~> 3.0)
    - ImageSlideshow/Core
  - ImageSlideshow/Alamofire (1.1.0):
    - AlamofireImage (~> 3.0)
    - ImageSlideshow/Core
  - ImageSlideshow/Core (1.1.0)
  - ImageSlideshow/Kingfisher (1.1.0):
    - ImageSlideshow/Core
    - Kingfisher (~> 3.0)
  - ImageSlideshow/SDWebImage (1.1.0):
    - ImageSlideshow/Core
    - SDWebImage (~> 3.7)
  - Kingfisher (3.5.0)
  - MapboxGeocoder.swift (0.6.0)
  - SDWebImage (3.8.2):
    - SDWebImage/Core (= 3.8.2)
  - SDWebImage/Core (3.8.2)
  - Toast-Swift (2.0.0)

DEPENDENCIES:
  - Font-Awesome-Swift (~> 1.6.1)
  - ImageSlideshow
  - ImageSlideshow/AFURL
  - ImageSlideshow/Alamofire
  - ImageSlideshow/Kingfisher
  - ImageSlideshow/SDWebImage
  - MapboxGeocoder.swift (~> 0.6)
  - Toast-Swift (~> 2.0.0)

SPEC CHECKSUMS:
  AFNetworking: 5e0e199f73d8626b11e79750991f5d173d1f8b67
  Alamofire: dc44b1600b800eb63da6a19039a0083d62a6a62d
  AlamofireImage: 157ed682cc81d3b9db4fb90c1f12180ac552d93b
  Font-Awesome-Swift: 70ab020f6749d7048bb49807c3e78b702d78afca
  ImageSlideshow: 99addbef1b718272598a07036270e819d03abc17
  Kingfisher: 7c62087039d93d26c54c8dd9b0b588d2ce55cef6
  MapboxGeocoder.swift: dd6783c5262b4ebb1cf5f2662b56cea94a90f67d
  SDWebImage: 098e97e6176540799c27e804c96653ee0833d13c
  Toast-Swift: 5b2f8f720f7e78e48511f693df1f9c9a6e38a25a

PODFILE CHECKSUM: e1f401c6721a8abbac01531e3273d5c1017c6bf2

COCOAPODS: 1.2.0
